{
  "name": "tangzhemai",
  "version": "0.0.1",
  "lockfileVersion": 1,
  "requires": true,
  "dependencies": {
    "cordova-plugin-file-opener2": {
      "version": "2.0.19",
      "resolved": "https://registry.npmjs.org/cordova-plugin-file-opener2/-/cordova-plugin-file-opener2-2.0.19.tgz",
      "integrity": "sha1-yjrhIlOVt3qx/lsgrMv+zGiOJJM="
    },
    "cordova-plugin-jcore": {
      "version": "1.1.10",
      "resolved": "https://registry.npmjs.org/cordova-plugin-jcore/-/cordova-plugin-jcore-1.1.10.tgz",
      "integrity": "sha512-NpSHkqDTeUKLVExDNoPcl87TBAKbqM4X2uiovQMPDWKbP/LxbQDA3Aqjo1wZCUD0mJcpYNGOIaBYenOvdj2etA=="
    },
    "jpush-phonegap-plugin": {
      "version": "3.2.12",
      "resolved": "https://registry.npmjs.org/jpush-phonegap-plugin/-/jpush-phonegap-plugin-3.2.12.tgz",
      "integrity": "sha1-mwk/bFuLmvZ56inyyFVemNSNkgM="
    }
  }
}
