{
  "name": "tangzhemai",
  "version": "0.0.1",
  "lockfileVersion": 1,
  "requires": true,
  "dependencies": {
    "cordova-plugin-file-opener2": {
      "version": "2.0.19",
      "resolved": "https://registry.npmjs.org/cordova-plugin-file-opener2/-/cordova-plugin-file-opener2-2.0.19.tgz",
      "integrity": "sha1-yjrhIlOVt3qx/lsgrMv+zGiOJJM="
    }
  }
}
